
Microsoft Visual Studio Solution File, Format Version 12.00
# Visual Studio Version 17
VisualStudioVersion = 17.7.34024.191
MinimumVisualStudioVersion = 10.0.40219.1
Project("{FAE04EC0-301F-11D3-BF4B-00C04F79EFBC}") = "db-videogames", "db-videogames\db-videogames.csproj", "{7FCA67B9-37A3-4159-8950-0713FE236557}"
EndProject
Global
	GlobalSection(SolutionConfigurationPlatforms) = preSolution
		Debug|Any CPU = Debug|Any CPU
		Release|Any CPU = Release|Any CPU
	EndGlobalSection
	GlobalSection(ProjectConfigurationPlatforms) = postSolution
		{7FCA67B9-37A3-4159-8950-0713FE236557}.Debug|Any CPU.ActiveCfg = Debug|Any CPU
		{7FCA67B9-37A3-4159-8950-0713FE236557}.Debug|Any CPU.Build.0 = Debug|Any CPU
		{7FCA67B9-37A3-4159-8950-0713FE236557}.Release|Any CPU.ActiveCfg = Release|Any CPU
		{7FCA67B9-37A3-4159-8950-0713FE236557}.Release|Any CPU.Build.0 = Release|Any CPU
	EndGlobalSection
	GlobalSection(SolutionProperties) = preSolution
		HideSolutionNode = FALSE
	EndGlobalSection
	GlobalSection(ExtensibilityGlobals) = postSolution
		SolutionGuid = {25030B11-1F52-429C-99E8-E286AF00FDC1}
	EndGlobalSection
EndGlobal
